
Microsoft Visual Studio Solution File, Format Version 12.00
# Visual Studio Version 16
VisualStudioVersion = 16.0.31424.327
MinimumVisualStudioVersion = 10.0.40219.1
Project("{9A19103F-16F7-4668-BE54-9A1E7A4F7556}") = "esdnevnik", "e_Dnevnik\esdnevnik.csproj", "{23632C39-C064-4319-829A-C6C34D24C543}"
EndProject
Global
	GlobalSection(SolutionConfigurationPlatforms) = preSolution
		Debug|Any CPU = Debug|Any CPU
		Release|Any CPU = Release|Any CPU
	EndGlobalSection
	GlobalSection(ProjectConfigurationPlatforms) = postSolution
		{23632C39-C064-4319-829A-C6C34D24C543}.Debug|Any CPU.ActiveCfg = Debug|Any CPU
		{23632C39-C064-4319-829A-C6C34D24C543}.Debug|Any CPU.Build.0 = Debug|Any CPU
		{23632C39-C064-4319-829A-C6C34D24C543}.Release|Any CPU.ActiveCfg = Release|Any CPU
		{23632C39-C064-4319-829A-C6C34D24C543}.Release|Any CPU.Build.0 = Release|Any CPU
	EndGlobalSection
	GlobalSection(SolutionProperties) = preSolution
		HideSolutionNode = FALSE
	EndGlobalSection
	GlobalSection(ExtensibilityGlobals) = postSolution
		SolutionGuid = {63BB5273-4465-4F82-82D1-B974165349D3}
	EndGlobalSection
EndGlobal
